Microsoft Visual Studio Solution File, Format Version 11.00
# Visual Studio 2010
Project("{8BC9CEB8-8B4A-11D0-8D11-00A0C91BC942}") = "runner", "plugins\runner\runner.vcxproj", "{568269BF-894B-3009-B8A5-5EA9DAC4FE9C}"
EndProject
Project("{8BC9CEB8-8B4A-11D0-8D11-00A0C91BC942}") = "weby", "plugins\weby\weby.vcxproj", "{44DF48FC-BC36-3CE6-AF41-845E6F472482}"
EndProject
Project("{8BC9CEB8-8B4A-11D0-8D11-00A0C91BC942}") = "Launchy", "src\Launchy.vcxproj", "{B882A8ED-0C6B-38CE-B21B-25C230D53F8F}"
EndProject
Project("{8BC9CEB8-8B4A-11D0-8D11-00A0C91BC942}") = "controly", "plugins\controly\controly.vcxproj", "{A842841C-7344-3E2F-AB6A-7C870A24CB43}"
EndProject
Global
	GlobalSection(SolutionConfigurationPlatforms) = preSolution
		Debug|Win32 = Debug|Win32
		Release|Win32 = Release|Win32
	EndGlobalSection
	GlobalSection(ProjectConfigurationPlatforms) = postSolution
		{568269BF-894B-3009-B8A5-5EA9DAC4FE9C}.Debug|Win32.ActiveCfg = Debug|Win32
		{568269BF-894B-3009-B8A5-5EA9DAC4FE9C}.Debug|Win32.Build.0 = Debug|Win32
		{568269BF-894B-3009-B8A5-5EA9DAC4FE9C}.Release|Win32.ActiveCfg = Release|Win32
		{568269BF-894B-3009-B8A5-5EA9DAC4FE9C}.Release|Win32.Build.0 = Release|Win32
		{44DF48FC-BC36-3CE6-AF41-845E6F472482}.Debug|Win32.ActiveCfg = Debug|Win32
		{44DF48FC-BC36-3CE6-AF41-845E6F472482}.Debug|Win32.Build.0 = Debug|Win32
		{44DF48FC-BC36-3CE6-AF41-845E6F472482}.Release|Win32.ActiveCfg = Release|Win32
		{44DF48FC-BC36-3CE6-AF41-845E6F472482}.Release|Win32.Build.0 = Release|Win32
		{B882A8ED-0C6B-38CE-B21B-25C230D53F8F}.Debug|Win32.ActiveCfg = Debug|Win32
		{B882A8ED-0C6B-38CE-B21B-25C230D53F8F}.Debug|Win32.Build.0 = Debug|Win32
		{B882A8ED-0C6B-38CE-B21B-25C230D53F8F}.Release|Win32.ActiveCfg = Release|Win32
		{B882A8ED-0C6B-38CE-B21B-25C230D53F8F}.Release|Win32.Build.0 = Release|Win32
		{A842841C-7344-3E2F-AB6A-7C870A24CB43}.Debug|Win32.ActiveCfg = Debug|Win32
		{A842841C-7344-3E2F-AB6A-7C870A24CB43}.Debug|Win32.Build.0 = Debug|Win32
		{A842841C-7344-3E2F-AB6A-7C870A24CB43}.Release|Win32.ActiveCfg = Release|Win32
		{A842841C-7344-3E2F-AB6A-7C870A24CB43}.Release|Win32.Build.0 = Release|Win32
	EndGlobalSection
	GlobalSection(SolutionProperties) = preSolution
		HideSolutionNode = FALSE
	EndGlobalSection
EndGlobal
